// !$*UTF8*$!
{
	archiveVersion = 1;
	classes = {
	};
	objectVersion = 55;
	objects = {

/* Begin PBXBuildFile section */
		53B51DB53077E83FBDE5BE26 /* Pods_Jogo_da_Memoria_Jogo_da_MemoriaUITests.framework in Frameworks */ = {isa = PBXBuildFile; fileRef = 64C0B3708C08E913C7F18B1D /* Pods_Jogo_da_Memoria_Jogo_da_MemoriaUITests.framework */; };
		5D2C7944AB8C62EEF7364476 /* Pods_Jogo_da_Memoria.framework in Frameworks */ = {isa = PBXBuildFile; fileRef = 259884D43E17567F38AA84FE /* Pods_Jogo_da_Memoria.framework */; };
		61325A292888A862006E84EF /* AppDelegate.swift in Sources */ = {isa = PBXBuildFile; fileRef = 61325A282888A862006E84EF /* AppDelegate.swift */; };
		61325A2B2888A862006E84EF /* SceneDelegate.swift in Sources */ = {isa = PBXBuildFile; fileRef = 61325A2A2888A862006E84EF /* SceneDelegate.swift */; };
		61325A2D2888A862006E84EF /* ViewController.swift in Sources */ = {isa = PBXBuildFile; fileRef = 61325A2C2888A862006E84EF /* ViewController.swift */; };
		61325A322888A863006E84EF /* Assets.xcassets in Resources */ = {isa = PBXBuildFile; fileRef = 61325A312888A863006E84EF /* Assets.xcassets */; };
		61325A352888A863006E84EF /* LaunchScreen.storyboard in Resources */ = {isa = PBXBuildFile; fileRef = 61325A332888A863006E84EF /* LaunchScreen.storyboard */; };
		61325A402888A864006E84EF /* Jogo_da_MemoriaTests.swift in Sources */ = {isa = PBXBuildFile; fileRef = 61325A3F2888A864006E84EF /* Jogo_da_MemoriaTests.swift */; };
		61325A4A2888A864006E84EF /* Jogo_da_MemoriaUITests.swift in Sources */ = {isa = PBXBuildFile; fileRef = 61325A492888A864006E84EF /* Jogo_da_MemoriaUITests.swift */; };
		61325A4C2888A864006E84EF /* Jogo_da_MemoriaUITestsLaunchTests.swift in Sources */ = {isa = PBXBuildFile; fileRef = 61325A4B2888A864006E84EF /* Jogo_da_MemoriaUITestsLaunchTests.swift */; };
		DA904A2BE7C49380C4740973 /* Pods_Jogo_da_MemoriaTests.framework in Frameworks */ = {isa = PBXBuildFile; fileRef = C8EF0C453FEB208D65EF9B83 /* Pods_Jogo_da_MemoriaTests.framework */; };
/* End PBXBuildFile section */

/* Begin PBXContainerItemProxy section */
		61325A3C2888A864006E84EF /* PBXContainerItemProxy */ = {
			isa = PBXContainerItemProxy;
			containerPortal = 61325A1D2888A862006E84EF /* Project object */;
			proxyType = 1;
			remoteGlobalIDString = 61325A242888A862006E84EF;
			remoteInfo = "Jogo da Memoria";
		};
		61325A462888A864006E84EF /* PBXContainerItemProxy */ = {
			isa = PBXContainerItemProxy;
			containerPortal = 61325A1D2888A862006E84EF /* Project object */;
			proxyType = 1;
			remoteGlobalIDString = 61325A242888A862006E84EF;
			remoteInfo = "Jogo da Memoria";
		};
/* End PBXContainerItemProxy section */

/* Begin PBXFileReference section */
		054F25A524620C66F5840780 /* Pods-Jogo da Memoria-Jogo da MemoriaUITests.debug.xcconfig */ = {isa = PBXFileReference; includeInIndex = 1; lastKnownFileType = text.xcconfig; name = "Pods-Jogo da Memoria-Jogo da MemoriaUITests.debug.xcconfig"; path = "Target Support Files/Pods-Jogo da Memoria-Jogo da MemoriaUITests/Pods-Jogo da Memoria-Jogo da MemoriaUITests.debug.xcconfig"; sourceTree = "<group>"; };
		0C81D042F98527905AA2E012 /* Pods-Jogo da MemoriaTests.release.xcconfig */ = {isa = PBXFileReference; includeInIndex = 1; lastKnownFileType = text.xcconfig; name = "Pods-Jogo da MemoriaTests.release.xcconfig"; path = "Target Support Files/Pods-Jogo da MemoriaTests/Pods-Jogo da MemoriaTests.release.xcconfig"; sourceTree = "<group>"; };
		259884D43E17567F38AA84FE /* Pods_Jogo_da_Memoria.framework */ = {isa = PBXFileReference; explicitFileType = wrapper.framework; includeInIndex = 0; path = Pods_Jogo_da_Memoria.framework; sourceTree = BUILT_PRODUCTS_DIR; };
		61325A252888A862006E84EF /* Jogo da Memoria.app */ = {isa = PBXFileReference; explicitFileType = wrapper.application; includeInIndex = 0; path = "Jogo da Memoria.app"; sourceTree = BUILT_PRODUCTS_DIR; };
		61325A282888A862006E84EF /* AppDelegate.swift */ = {isa = PBXFileReference; lastKnownFileType = sourcecode.swift; path = AppDelegate.swift; sourceTree = "<group>"; };
		61325A2A2888A862006E84EF /* SceneDelegate.swift */ = {isa = PBXFileReference; lastKnownFileType = sourcecode.swift; path = SceneDelegate.swift; sourceTree = "<group>"; };
		61325A2C2888A862006E84EF /* ViewController.swift */ = {isa = PBXFileReference; lastKnownFileType = sourcecode.swift; path = ViewController.swift; sourceTree = "<group>"; };
		61325A312888A863006E84EF /* Assets.xcassets */ = {isa = PBXFileReference; lastKnownFileType = folder.assetcatalog; path = Assets.xcassets; sourceTree = "<group>"; };
		61325A342888A863006E84EF /* Base */ = {isa = PBXFileReference; lastKnownFileType = file.storyboard; name = Base; path = Base.lproj/LaunchScreen.storyboard; sourceTree = "<group>"; };
		61325A362888A863006E84EF /* Info.plist */ = {isa = PBXFileReference; lastKnownFileType = text.plist.xml; path = Info.plist; sourceTree = "<group>"; };
		61325A3B2888A864006E84EF /* Jogo da MemoriaTests.xctest */ = {isa = PBXFileReference; explicitFileType = wrapper.cfbundle; includeInIndex = 0; path = "Jogo da MemoriaTests.xctest"; sourceTree = BUILT_PRODUCTS_DIR; };
		61325A3F2888A864006E84EF /* Jogo_da_MemoriaTests.swift */ = {isa = PBXFileReference; lastKnownFileType = sourcecode.swift; path = Jogo_da_MemoriaTests.swift; sourceTree = "<group>"; };
		61325A452888A864006E84EF /* Jogo da MemoriaUITests.xctest */ = {isa = PBXFileReference; explicitFileType = wrapper.cfbundle; includeInIndex = 0; path = "Jogo da MemoriaUITests.xctest"; sourceTree = BUILT_PRODUCTS_DIR; };
		61325A492888A864006E84EF /* Jogo_da_MemoriaUITests.swift */ = {isa = PBXFileReference; lastKnownFileType = sourcecode.swift; path = Jogo_da_MemoriaUITests.swift; sourceTree = "<group>"; };
		61325A4B2888A864006E84EF /* Jogo_da_MemoriaUITestsLaunchTests.swift */ = {isa = PBXFileReference; lastKnownFileType = sourcecode.swift; path = Jogo_da_MemoriaUITestsLaunchTests.swift; sourceTree = "<group>"; };
		64C0B3708C08E913C7F18B1D /* Pods_Jogo_da_Memoria_Jogo_da_MemoriaUITests.framework */ = {isa = PBXFileReference; explicitFileType = wrapper.framework; includeInIndex = 0; path = Pods_Jogo_da_Memoria_Jogo_da_MemoriaUITests.framework; sourceTree = BUILT_PRODUCTS_DIR; };
		71C64BE0D259DA90E8EA0D7D /* Pods-Jogo da MemoriaTests.debug.xcconfig */ = {isa = PBXFileReference; includeInIndex = 1; lastKnownFileType = text.xcconfig; name = "Pods-Jogo da MemoriaTests.debug.xcconfig"; path = "Target Support Files/Pods-Jogo da MemoriaTests/Pods-Jogo da MemoriaTests.debug.xcconfig"; sourceTree = "<group>"; };
		7851ACFBFFC9774561C10AF5 /* Pods-Jogo da Memoria.debug.xcconfig */ = {isa = PBXFileReference; includeInIndex = 1; lastKnownFileType = text.xcconfig; name = "Pods-Jogo da Memoria.debug.xcconfig"; path = "Target Support Files/Pods-Jogo da Memoria/Pods-Jogo da Memoria.debug.xcconfig"; sourceTree = "<group>"; };
		C8EF0C453FEB208D65EF9B83 /* Pods_Jogo_da_MemoriaTests.framework */ = {isa = PBXFileReference; explicitFileType = wrapper.framework; includeInIndex = 0; path = Pods_Jogo_da_MemoriaTests.framework; sourceTree = BUILT_PRODUCTS_DIR; };
		CD07F48290E405FCA3197BEF /* Pods-Jogo da Memoria.release.xcconfig */ = {isa = PBXFileReference; includeInIndex = 1; lastKnownFileType = text.xcconfig; name = "Pods-Jogo da Memoria.release.xcconfig"; path = "Target Support Files/Pods-Jogo da Memoria/Pods-Jogo da Memoria.release.xcconfig"; sourceTree = "<group>"; };
		D6E5DA1E9D0BD4575C663786 /* Pods-Jogo da Memoria-Jogo da MemoriaUITests.release.xcconfig */ = {isa = PBXFileReference; includeInIndex = 1; lastKnownFileType = text.xcconfig; name = "Pods-Jogo da Memoria-Jogo da MemoriaUITests.release.xcconfig"; path = "Target Support Files/Pods-Jogo da Memoria-Jogo da MemoriaUITests/Pods-Jogo da Memoria-Jogo da MemoriaUITests.release.xcconfig"; sourceTree = "<group>"; };
/* End PBXFileReference section */

/* Begin PBXFrameworksBuildPhase section */
		61325A222888A862006E84EF /* Frameworks */ = {
			isa = PBXFrameworksBuildPhase;
			buildActionMask = 2147483647;
			files = (
				5D2C7944AB8C62EEF7364476 /* Pods_Jogo_da_Memoria.framework in Frameworks */,
			);
			runOnlyForDeploymentPostprocessing = 0;
		};
		61325A382888A864006E84EF /* Frameworks */ = {
			isa = PBXFrameworksBuildPhase;
			buildActionMask = 2147483647;
			files = (
				DA904A2BE7C49380C4740973 /* Pods_Jogo_da_MemoriaTests.framework in Frameworks */,
			);
			runOnlyForDeploymentPostprocessing = 0;
		};
		61325A422888A864006E84EF /* Frameworks */ = {
			isa = PBXFrameworksBuildPhase;
			buildActionMask = 2147483647;
			files = (
				53B51DB53077E83FBDE5BE26 /* Pods_Jogo_da_Memoria_Jogo_da_MemoriaUITests.framework in Frameworks */,
			);
			runOnlyForDeploymentPostprocessing = 0;
		};
/* End PBXFrameworksBuildPhase section */

/* Begin PBXGroup section */
		61325A1C2888A862006E84EF = {
			isa = PBXGroup;
			children = (
				61325A272888A862006E84EF /* Jogo da Memoria */,
				61325A3E2888A864006E84EF /* Jogo da MemoriaTests */,
				61325A482888A864006E84EF /* Jogo da MemoriaUITests */,
				61325A262888A862006E84EF /* Products */,
				CE477D33A2DA6DF0FEF61CC3 /* Pods */,
				C8B1A0A6CC5FD87120A375CD /* Frameworks */,
			);
			sourceTree = "<group>";
		};
		61325A262888A862006E84EF /* Products */ = {
			isa = PBXGroup;
			children = (
				61325A252888A862006E84EF /* Jogo da Memoria.app */,
				61325A3B2888A864006E84EF /* Jogo da MemoriaTests.xctest */,
				61325A452888A864006E84EF /* Jogo da MemoriaUITests.xctest */,
			);
			name = Products;
			sourceTree = "<group>";
		};
		61325A272888A862006E84EF /* Jogo da Memoria */ = {
			isa = PBXGroup;
			children = (
				61325A282888A862006E84EF /* AppDelegate.swift */,
				61325A2A2888A862006E84EF /* SceneDelegate.swift */,
				61325A2C2888A862006E84EF /* ViewController.swift */,
				61325A312888A863006E84EF /* Assets.xcassets */,
				61325A332888A863006E84EF /* LaunchScreen.storyboard */,
				61325A362888A863006E84EF /* Info.plist */,
			);
			path = "Jogo da Memoria";
			sourceTree = "<group>";
		};
		61325A3E2888A864006E84EF /* Jogo da MemoriaTests */ = {
			isa = PBXGroup;
			children = (
				61325A3F2888A864006E84EF /* Jogo_da_MemoriaTests.swift */,
			);
			path = "Jogo da MemoriaTests";
			sourceTree = "<group>";
		};
		61325A482888A864006E84EF /* Jogo da MemoriaUITests */ = {
			isa = PBXGroup;
			children = (
				61325A492888A864006E84EF /* Jogo_da_MemoriaUITests.swift */,
				61325A4B2888A864006E84EF /* Jogo_da_MemoriaUITestsLaunchTests.swift */,
			);
			path = "Jogo da MemoriaUITests";
			sourceTree = "<group>";
		};
		C8B1A0A6CC5FD87120A375CD /* Frameworks */ = {
			isa = PBXGroup;
			children = (
				259884D43E17567F38AA84FE /* Pods_Jogo_da_Memoria.framework */,
				64C0B3708C08E913C7F18B1D /* Pods_Jogo_da_Memoria_Jogo_da_MemoriaUITests.framework */,
				C8EF0C453FEB208D65EF9B83 /* Pods_Jogo_da_MemoriaTests.framework */,
			);
			name = Frameworks;
			sourceTree = "<group>";
		};
		CE477D33A2DA6DF0FEF61CC3 /* Pods */ = {
			isa = PBXGroup;
			children = (
				7851ACFBFFC9774561C10AF5 /* Pods-Jogo da Memoria.debug.xcconfig */,
				CD07F48290E405FCA3197BEF /* Pods-Jogo da Memoria.release.xcconfig */,
				054F25A524620C66F5840780 /* Pods-Jogo da Memoria-Jogo da MemoriaUITests.debug.xcconfig */,
				D6E5DA1E9D0BD4575C663786 /* Pods-Jogo da Memoria-Jogo da MemoriaUITests.release.xcconfig */,
				71C64BE0D259DA90E8EA0D7D /* Pods-Jogo da MemoriaTests.debug.xcconfig */,
				0C81D042F98527905AA2E012 /* Pods-Jogo da MemoriaTests.release.xcconfig */,
			);
			name = Pods;
			path = Pods;
			sourceTree = "<group>";
		};
/* End PBXGroup section */

/* Begin PBXNativeTarget section */
		61325A242888A862006E84EF /* Jogo da Memoria */ = {
			isa = PBXNativeTarget;
			buildConfigurationList = 61325A4F2888A864006E84EF /* Build configuration list for PBXNativeTarget "Jogo da Memoria" */;
			buildPhases = (
				0E687D6386582042AF71A0DA /* [CP] Check Pods Manifest.lock */,
				61325A212888A862006E84EF /* Sources */,
				61325A222888A862006E84EF /* Frameworks */,
				61325A232888A862006E84EF /* Resources */,
				F2EE7B3C23517A6439F096B2 /* [CP] Embed Pods Frameworks */,
			);
			buildRules = (
			);
			dependencies = (
			);
			name = "Jogo da Memoria";
			productName = "Jogo da Memoria";
			productReference = 61325A252888A862006E84EF /* Jogo da Memoria.app */;
			productType = "com.apple.product-type.application";
		};
		61325A3A2888A864006E84EF /* Jogo da MemoriaTests */ = {
			isa = PBXNativeTarget;
			buildConfigurationList = 61325A522888A864006E84EF /* Build configuration list for PBXNativeTarget "Jogo da MemoriaTests" */;
			buildPhases = (
				C6DDDB6154298922AB129347 /* [CP] Check Pods Manifest.lock */,
				61325A372888A864006E84EF /* Sources */,
				61325A382888A864006E84EF /* Frameworks */,
				61325A392888A864006E84EF /* Resources */,
			);
			buildRules = (
			);
			dependencies = (
				61325A3D2888A864006E84EF /* PBXTargetDependency */,
			);
			name = "Jogo da MemoriaTests";
			productName = "Jogo da MemoriaTests";
			productReference = 61325A3B2888A864006E84EF /* Jogo da MemoriaTests.xctest */;
			productType = "com.apple.product-type.bundle.unit-test";
		};
		61325A442888A864006E84EF /* Jogo da MemoriaUITests */ = {
			isa = PBXNativeTarget;
			buildConfigurationList = 61325A552888A864006E84EF /* Build configuration list for PBXNativeTarget "Jogo da MemoriaUITests" */;
			buildPhases = (
				944D2F4117B0A1449F876D64 /* [CP] Check Pods Manifest.lock */,
				61325A412888A864006E84EF /* Sources */,
				61325A422888A864006E84EF /* Frameworks */,
				61325A432888A864006E84EF /* Resources */,
				EAF4F91158624A58A7B5C577 /* [CP] Embed Pods Frameworks */,
			);
			buildRules = (
			);
			dependencies = (
				61325A472888A864006E84EF /* PBXTargetDependency */,
			);
			name = "Jogo da MemoriaUITests";
			productName = "Jogo da MemoriaUITests";
			productReference = 61325A452888A864006E84EF /* Jogo da MemoriaUITests.xctest */;
			productType = "com.apple.product-type.bundle.ui-testing";
		};
/* End PBXNativeTarget section */

/* Begin PBXProject section */
		61325A1D2888A862006E84EF /* Project object */ = {
			isa = PBXProject;
			attributes = {
				BuildIndependentTargetsInParallel = 1;
				LastSwiftUpdateCheck = 1340;
				LastUpgradeCheck = 1340;
				TargetAttributes = {
					61325A242888A862006E84EF = {
						CreatedOnToolsVersion = 13.4.1;
					};
					61325A3A2888A864006E84EF = {
						CreatedOnToolsVersion = 13.4.1;
						TestTargetID = 61325A242888A862006E84EF;
					};
					61325A442888A864006E84EF = {
						CreatedOnToolsVersion = 13.4.1;
						TestTargetID = 61325A242888A862006E84EF;
					};
				};
			};
			buildConfigurationList = 61325A202888A862006E84EF /* Build configuration list for PBXProject "Jogo da Memoria" */;
			compatibilityVersion = "Xcode 13.0";
			developmentRegion = en;
			hasScannedForEncodings = 0;
			knownRegions = (
				en,
				Base,
			);
			mainGroup = 61325A1C2888A862006E84EF;
			productRefGroup = 61325A262888A862006E84EF /* Products */;
			projectDirPath = "";
			projectRoot = "";
			targets = (
				61325A242888A862006E84EF /* Jogo da Memoria */,
				61325A3A2888A864006E84EF /* Jogo da MemoriaTests */,
				61325A442888A864006E84EF /* Jogo da MemoriaUITests */,
			);
		};
/* End PBXProject section */

/* Begin PBXResourcesBuildPhase section */
		61325A232888A862006E84EF /* Resources */ = {
			isa = PBXResourcesBuildPhase;
			buildActionMask = 2147483647;
			files = (
				61325A352888A863006E84EF /* LaunchScreen.storyboard in Resources */,
				61325A322888A863006E84EF /* Assets.xcassets in Resources */,
			);
			runOnlyForDeploymentPostprocessing = 0;
		};
		61325A392888A864006E84EF /* Resources */ = {
			isa = PBXResourcesBuildPhase;
			buildActionMask = 2147483647;
			files = (
			);
			runOnlyForDeploymentPostprocessing = 0;
		};
		61325A432888A864006E84EF /* Resources */ = {
			isa = PBXResourcesBuildPhase;
			buildActionMask = 2147483647;
			files = (
			);
			runOnlyForDeploymentPostprocessing = 0;
		};
/* End PBXResourcesBuildPhase section */

/* Begin PBXShellScriptBuildPhase section */
		0E687D6386582042AF71A0DA /* [CP] Check Pods Manifest.lock */ = {
			isa = PBXShellScriptBuildPhase;
			buildActionMask = 2147483647;
			files = (
			);
			inputFileListPaths = (
			);
			inputPaths = (
				"${PODS_PODFILE_DIR_PATH}/Podfile.lock",
				"${PODS_ROOT}/Manifest.lock",
			);
			name = "[CP] Check Pods Manifest.lock";
			outputFileListPaths = (
			);
			outputPaths = (
				"$(DERIVED_FILE_DIR)/Pods-Jogo da Memoria-checkManifestLockResult.txt",
			);
			runOnlyForDeploymentPostprocessing = 0;
			shellPath = /bin/sh;
			shellScript = "diff \"${PODS_PODFILE_DIR_PATH}/Podfile.lock\" \"${PODS_ROOT}/Manifest.lock\" > /dev/null\nif [ $? != 0 ] ; then\n    # print error to STDERR\n    echo \"error: The sandbox is not in sync with the Podfile.lock. Run 'pod install' or update your CocoaPods installation.\" >&2\n    exit 1\nfi\n# This output is used by Xcode 'outputs' to avoid re-running this script phase.\necho \"SUCCESS\" > \"${SCRIPT_OUTPUT_FILE_0}\"\n";
			showEnvVarsInLog = 0;
		};
		944D2F4117B0A1449F876D64 /* [CP] Check Pods Manifest.lock */ = {
			isa = PBXShellScriptBuildPhase;
			buildActionMask = 2147483647;
			files = (
			);
			inputFileListPaths = (
			);
			inputPaths = (
				"${PODS_PODFILE_DIR_PATH}/Podfile.lock",
				"${PODS_ROOT}/Manifest.lock",
			);
			name = "[CP] Check Pods Manifest.lock";
			outputFileListPaths = (
			);
			outputPaths = (
				"$(DERIVED_FILE_DIR)/Pods-Jogo da Memoria-Jogo da MemoriaUITests-checkManifestLockResult.txt",
			);
			runOnlyForDeploymentPostprocessing = 0;
			shellPath = /bin/sh;
			shellScript = "diff \"${PODS_PODFILE_DIR_PATH}/Podfile.lock\" \"${PODS_ROOT}/Manifest.lock\" > /dev/null\nif [ $? != 0 ] ; then\n    # print error to STDERR\n    echo \"error: The sandbox is not in sync with the Podfile.lock. Run 'pod install' or update your CocoaPods installation.\" >&2\n    exit 1\nfi\n# This output is used by Xcode 'outputs' to avoid re-running this script phase.\necho \"SUCCESS\" > \"${SCRIPT_OUTPUT_FILE_0}\"\n";
			showEnvVarsInLog = 0;
		};
		C6DDDB6154298922AB129347 /* [CP] Check Pods Manifest.lock */ = {
			isa = PBXShellScriptBuildPhase;
			buildActionMask = 2147483647;
			files = (
			);
			inputFileListPaths = (
			);
			inputPaths = (
				"${PODS_PODFILE_DIR_PATH}/Podfile.lock",
				"${PODS_ROOT}/Manifest.lock",
			);
			name = "[CP] Check Pods Manifest.lock";
			outputFileListPaths = (
			);
			outputPaths = (
				"$(DERIVED_FILE_DIR)/Pods-Jogo da MemoriaTests-checkManifestLockResult.txt",
			);
			runOnlyForDeploymentPostprocessing = 0;
			shellPath = /bin/sh;
			shellScript = "diff \"${PODS_PODFILE_DIR_PATH}/Podfile.lock\" \"${PODS_ROOT}/Manifest.lock\" > /dev/null\nif [ $? != 0 ] ; then\n    # print error to STDERR\n    echo \"error: The sandbox is not in sync with the Podfile.lock. Run 'pod install' or update your CocoaPods installation.\" >&2\n    exit 1\nfi\n# This output is used by Xcode 'outputs' to avoid re-running this script phase.\necho \"SUCCESS\" > \"${SCRIPT_OUTPUT_FILE_0}\"\n";
			showEnvVarsInLog = 0;
		};
		EAF4F91158624A58A7B5C577 /* [CP] Embed Pods Frameworks */ = {
			isa = PBXShellScriptBuildPhase;
			buildActionMask = 2147483647;
			files = (
			);
			inputFileListPaths = (
				"${PODS_ROOT}/Target Support Files/Pods-Jogo da Memoria-Jogo da MemoriaUITests/Pods-Jogo da Memoria-Jogo da MemoriaUITests-frameworks-${CONFIGURATION}-input-files.xcfilelist",
			);
			name = "[CP] Embed Pods Frameworks";
			outputFileListPaths = (
				"${PODS_ROOT}/Target Support Files/Pods-Jogo da Memoria-Jogo da MemoriaUITests/Pods-Jogo da Memoria-Jogo da MemoriaUITests-frameworks-${CONFIGURATION}-output-files.xcfilelist",
			);
			runOnlyForDeploymentPostprocessing = 0;
			shellPath = /bin/sh;
			shellScript = "\"${PODS_ROOT}/Target Support Files/Pods-Jogo da Memoria-Jogo da MemoriaUITests/Pods-Jogo da Memoria-Jogo da MemoriaUITests-frameworks.sh\"\n";
			showEnvVarsInLog = 0;
		};
		F2EE7B3C23517A6439F096B2 /* [CP] Embed Pods Frameworks */ = {
			isa = PBXShellScriptBuildPhase;
			buildActionMask = 2147483647;
			files = (
			);
			inputFileListPaths = (
				"${PODS_ROOT}/Target Support Files/Pods-Jogo da Memoria/Pods-Jogo da Memoria-frameworks-${CONFIGURATION}-input-files.xcfilelist",
			);
			name = "[CP] Embed Pods Frameworks";
			outputFileListPaths = (
				"${PODS_ROOT}/Target Support Files/Pods-Jogo da Memoria/Pods-Jogo da Memoria-frameworks-${CONFIGURATION}-output-files.xcfilelist",
			);
			runOnlyForDeploymentPostprocessing = 0;
			shellPath = /bin/sh;
			shellScript = "\"${PODS_ROOT}/Target Support Files/Pods-Jogo da Memoria/Pods-Jogo da Memoria-frameworks.sh\"\n";
			showEnvVarsInLog = 0;
		};
/* End PBXShellScriptBuildPhase section */

/* Begin PBXSourcesBuildPhase section */
		61325A212888A862006E84EF /* Sources */ = {
			isa = PBXSourcesBuildPhase;
			buildActionMask = 2147483647;
			files = (
				61325A2D2888A862006E84EF /* ViewController.swift in Sources */,
				61325A292888A862006E84EF /* AppDelegate.swift in Sources */,
				61325A2B2888A862006E84EF /* SceneDelegate.swift in Sources */,
			);
			runOnlyForDeploymentPostprocessing = 0;
		};
		61325A372888A864006E84EF /* Sources */ = {
			isa = PBXSourcesBuildPhase;
			buildActionMask = 2147483647;
			files = (
				61325A402888A864006E84EF /* Jogo_da_MemoriaTests.swift in Sources */,
			);
			runOnlyForDeploymentPostprocessing = 0;
		};
		61325A412888A864006E84EF /* Sources */ = {
			isa = PBXSourcesBuildPhase;
			buildActionMask = 2147483647;
			files = (
				61325A4A2888A864006E84EF /* Jogo_da_MemoriaUITests.swift in Sources */,
				61325A4C2888A864006E84EF /* Jogo_da_MemoriaUITestsLaunchTests.swift in Sources */,
			);
			runOnlyForDeploymentPostprocessing = 0;
		};
/* End PBXSourcesBuildPhase section */

/* Begin PBXTargetDependency section */
		61325A3D2888A864006E84EF /* PBXTargetDependency */ = {
			isa = PBXTargetDependency;
			target = 61325A242888A862006E84EF /* Jogo da Memoria */;
			targetProxy = 61325A3C2888A864006E84EF /* PBXContainerItemProxy */;
		};
		61325A472888A864006E84EF /* PBXTargetDependency */ = {
			isa = PBXTargetDependency;
			target = 61325A242888A862006E84EF /* Jogo da Memoria */;
			targetProxy = 61325A462888A864006E84EF /* PBXContainerItemProxy */;
		};
/* End PBXTargetDependency section */

/* Begin PBXVariantGroup section */
		61325A332888A863006E84EF /* LaunchScreen.storyboard */ = {
			isa = PBXVariantGroup;
			children = (
				61325A342888A863006E84EF /* Base */,
			);
			name = LaunchScreen.storyboard;
			sourceTree = "<group>";
		};
/* End PBXVariantGroup section */

/* Begin XCBuildConfiguration section */
		61325A4D2888A864006E84EF /* Debug */ = {
			isa = XCBuildConfiguration;
			buildSettings = {
				ALWAYS_SEARCH_USER_PATHS = NO;
				CLANG_ANALYZER_NONNULL = YES;
				CLANG_ANALYZER_NUMBER_OBJECT_CONVERSION = YES_AGGRESSIVE;
				CLANG_CXX_LANGUAGE_STANDARD = "gnu++17";
				CLANG_ENABLE_MODULES = YES;
				CLANG_ENABLE_OBJC_ARC = YES;
				CLANG_ENABLE_OBJC_WEAK = YES;
				CLANG_WARN_BLOCK_CAPTURE_AUTORELEASING = YES;
				CLANG_WARN_BOOL_CONVERSION = YES;
				CLANG_WARN_COMMA = YES;
				CLANG_WARN_CONSTANT_CONVERSION = YES;
				CLANG_WARN_DEPRECATED_OBJC_IMPLEMENTATIONS = YES;
				CLANG_WARN_DIRECT_OBJC_ISA_USAGE = YES_ERROR;
				CLANG_WARN_DOCUMENTATION_COMMENTS = YES;
				CLANG_WARN_EMPTY_BODY = YES;
				CLANG_WARN_ENUM_CONVERSION = YES;
				CLANG_WARN_INFINITE_RECURSION = YES;
				CLANG_WARN_INT_CONVERSION = YES;
				CLANG_WARN_NON_LITERAL_NULL_CONVERSION = YES;
				CLANG_WARN_OBJC_IMPLICIT_RETAIN_SELF = YES;
				CLANG_WARN_OBJC_LITERAL_CONVERSION = YES;
				CLANG_WARN_OBJC_ROOT_CLASS = YES_ERROR;
				CLANG_WARN_QUOTED_INCLUDE_IN_FRAMEWORK_HEADER = YES;
				CLANG_WARN_RANGE_LOOP_ANALYSIS = YES;
				CLANG_WARN_STRICT_PROTOTYPES = YES;
				CLANG_WARN_SUSPICIOUS_MOVE = YES;
				CLANG_WARN_UNGUARDED_AVAILABILITY = YES_AGGRESSIVE;
				CLANG_WARN_UNREACHABLE_CODE = YES;
				CLANG_WARN__DUPLICATE_METHOD_MATCH = YES;
				COPY_PHASE_STRIP = NO;
				DEBUG_INFORMATION_FORMAT = dwarf;
				ENABLE_STRICT_OBJC_MSGSEND = YES;
				ENABLE_TESTABILITY = YES;
				GCC_C_LANGUAGE_STANDARD = gnu11;
				GCC_DYNAMIC_NO_PIC = NO;
				GCC_NO_COMMON_BLOCKS = YES;
				GCC_OPTIMIZATION_LEVEL = 0;
				GCC_PREPROCESSOR_DEFINITIONS = (
					"DEBUG=1",
					"$(inherited)",
				);
				GCC_WARN_64_TO_32_BIT_CONVERSION = YES;
				GCC_WARN_ABOUT_RETURN_TYPE = YES_ERROR;
				GCC_WARN_UNDECLARED_SELECTOR = YES;
				GCC_WARN_UNINITIALIZED_AUTOS = YES_AGGRESSIVE;
				GCC_WARN_UNUSED_FUNCTION = YES;
				GCC_WARN_UNUSED_VARIABLE = YES;
				IPHONEOS_DEPLOYMENT_TARGET = 15.5;
				MTL_ENABLE_DEBUG_INFO = INCLUDE_SOURCE;
				MTL_FAST_MATH = YES;
				ONLY_ACTIVE_ARCH = YES;
				SDKROOT = iphoneos;
				SWIFT_ACTIVE_COMPILATION_CONDITIONS = DEBUG;
				SWIFT_OPTIMIZATION_LEVEL = "-Onone";
			};
			name = Debug;
		};
		61325A4E2888A864006E84EF /* Release */ = {
			isa = XCBuildConfiguration;
			buildSettings = {
				ALWAYS_SEARCH_USER_PATHS = NO;
				CLANG_ANALYZER_NONNULL = YES;
				CLANG_ANALYZER_NUMBER_OBJECT_CONVERSION = YES_AGGRESSIVE;
				CLANG_CXX_LANGUAGE_STANDARD = "gnu++17";
				CLANG_ENABLE_MODULES = YES;
				CLANG_ENABLE_OBJC_ARC = YES;
				CLANG_ENABLE_OBJC_WEAK = YES;
				CLANG_WARN_BLOCK_CAPTURE_AUTORELEASING = YES;
				CLANG_WARN_BOOL_CONVERSION = YES;
				CLANG_WARN_COMMA = YES;
				CLANG_WARN_CONSTANT_CONVERSION = YES;
				CLANG_WARN_DEPRECATED_OBJC_IMPLEMENTATIONS = YES;
				CLANG_WARN_DIRECT_OBJC_ISA_USAGE = YES_ERROR;
				CLANG_WARN_DOCUMENTATION_COMMENTS = YES;
				CLANG_WARN_EMPTY_BODY = YES;
				CLANG_WARN_ENUM_CONVERSION = YES;
				CLANG_WARN_INFINITE_RECURSION = YES;
				CLANG_WARN_INT_CONVERSION = YES;
				CLANG_WARN_NON_LITERAL_NULL_CONVERSION = YES;
				CLANG_WARN_OBJC_IMPLICIT_RETAIN_SELF = YES;
				CLANG_WARN_OBJC_LITERAL_CONVERSION = YES;
				CLANG_WARN_OBJC_ROOT_CLASS = YES_ERROR;
				CLANG_WARN_QUOTED_INCLUDE_IN_FRAMEWORK_HEADER = YES;
				CLANG_WARN_RANGE_LOOP_ANALYSIS = YES;
				CLANG_WARN_STRICT_PROTOTYPES = YES;
				CLANG_WARN_SUSPICIOUS_MOVE = YES;
				CLANG_WARN_UNGUARDED_AVAILABILITY = YES_AGGRESSIVE;
				CLANG_WARN_UNREACHABLE_CODE = YES;
				CLANG_WARN__DUPLICATE_METHOD_MATCH = YES;
				COPY_PHASE_STRIP = NO;
				DEBUG_INFORMATION_FORMAT = "dwarf-with-dsym";
				ENABLE_NS_ASSERTIONS = NO;
				ENABLE_STRICT_OBJC_MSGSEND = YES;
				GCC_C_LANGUAGE_STANDARD = gnu11;
				GCC_NO_COMMON_BLOCKS = YES;
				GCC_WARN_64_TO_32_BIT_CONVERSION = YES;
				GCC_WARN_ABOUT_RETURN_TYPE = YES_ERROR;
				GCC_WARN_UNDECLARED_SELECTOR = YES;
				GCC_WARN_UNINITIALIZED_AUTOS = YES_AGGRESSIVE;
				GCC_WARN_UNUSED_FUNCTION = YES;
				GCC_WARN_UNUSED_VARIABLE = YES;
				IPHONEOS_DEPLOYMENT_TARGET = 15.5;
				MTL_ENABLE_DEBUG_INFO = NO;
				MTL_FAST_MATH = YES;
				SDKROOT = iphoneos;
				SWIFT_COMPILATION_MODE = wholemodule;
				SWIFT_OPTIMIZATION_LEVEL = "-O";
				VALIDATE_PRODUCT = YES;
			};
			name = Release;
		};
		61325A502888A864006E84EF /* Debug */ = {
			isa = XCBuildConfiguration;
			baseConfigurationReference = 7851ACFBFFC9774561C10AF5 /* Pods-Jogo da Memoria.debug.xcconfig */;
			buildSettings = {
				ASSETCATALOG_COMPILER_APPICON_NAME = AppIcon;
				ASSETCATALOG_COMPILER_GLOBAL_ACCENT_COLOR_NAME = AccentColor;
				CODE_SIGN_STYLE = Automatic;
				CURRENT_PROJECT_VERSION = 1;
				GENERATE_INFOPLIST_FILE = YES;
				INFOPLIST_FILE = "Jogo da Memoria/Info.plist";
				INFOPLIST_KEY_UIApplicationSupportsIndirectInputEvents = YES;
				INFOPLIST_KEY_UILaunchStoryboardName = LaunchScreen;
				INFOPLIST_KEY_UISupportedInterfaceOrientations = UIInterfaceOrientationLandscapeRight;
				INFOPLIST_KEY_UISupportedInterfaceOrientations_iPad = "UIInterfaceOrientationPortrait UIInterfaceOrientationPortraitUpsideDown UIInterfaceOrientationLandscapeLeft UIInterfaceOrientationLandscapeRight";
				INFOPLIST_KEY_UISupportedInterfaceOrientations_iPhone = "UIInterfaceOrientationPortrait UIInterfaceOrientationLandscapeLeft UIInterfaceOrientationLandscapeRight";
				LD_RUNPATH_SEARCH_PATHS = (
					"$(inherited)",
					"@executable_path/Frameworks",
				);
				MARKETING_VERSION = 1.0;
				PRODUCT_BUNDLE_IDENTIFIER = "br.com.cwi.Jogo-da-Memoria";
				PRODUCT_NAME = "$(TARGET_NAME)";
				SWIFT_EMIT_LOC_STRINGS = YES;
				SWIFT_VERSION = 5.0;
				TARGETED_DEVICE_FAMILY = "1,2";
			};
			name = Debug;
		};
		61325A512888A864006E84EF /* Release */ = {
			isa = XCBuildConfiguration;
			baseConfigurationReference = CD07F48290E405FCA3197BEF /* Pods-Jogo da Memoria.release.xcconfig */;
			buildSettings = {
				ASSETCATALOG_COMPILER_APPICON_NAME = AppIcon;
				ASSETCATALOG_COMPILER_GLOBAL_ACCENT_COLOR_NAME = AccentColor;
				CODE_SIGN_STYLE = Automatic;
				CURRENT_PROJECT_VERSION = 1;
				GENERATE_INFOPLIST_FILE = YES;
				INFOPLIST_FILE = "Jogo da Memoria/Info.plist";
				INFOPLIST_KEY_UIApplicationSupportsIndirectInputEvents = YES;
				INFOPLIST_KEY_UILaunchStoryboardName = LaunchScreen;
				INFOPLIST_KEY_UISupportedInterfaceOrientations = UIInterfaceOrientationLandscapeRight;
				INFOPLIST_KEY_UISupportedInterfaceOrientations_iPad = "UIInterfaceOrientationPortrait UIInterfaceOrientationPortraitUpsideDown UIInterfaceOrientationLandscapeLeft UIInterfaceOrientationLandscapeRight";
				INFOPLIST_KEY_UISupportedInterfaceOrientations_iPhone = "UIInterfaceOrientationPortrait UIInterfaceOrientationLandscapeLeft UIInterfaceOrientationLandscapeRight";
				LD_RUNPATH_SEARCH_PATHS = (
					"$(inherited)",
					"@executable_path/Frameworks",
				);
				MARKETING_VERSION = 1.0;
				PRODUCT_BUNDLE_IDENTIFIER = "br.com.cwi.Jogo-da-Memoria";
				PRODUCT_NAME = "$(TARGET_NAME)";
				SWIFT_EMIT_LOC_STRINGS = YES;
				SWIFT_VERSION = 5.0;
				TARGETED_DEVICE_FAMILY = "1,2";
			};
			name = Release;
		};
		61325A532888A864006E84EF /* Debug */ = {
			isa = XCBuildConfiguration;
			baseConfigurationReference = 71C64BE0D259DA90E8EA0D7D /* Pods-Jogo da MemoriaTests.debug.xcconfig */;
			buildSettings = {
				ALWAYS_EMBED_SWIFT_STANDARD_LIBRARIES = YES;
				BUNDLE_LOADER = "$(TEST_HOST)";
				CODE_SIGN_STYLE = Automatic;
				CURRENT_PROJECT_VERSION = 1;
				GENERATE_INFOPLIST_FILE = YES;
				IPHONEOS_DEPLOYMENT_TARGET = 15.5;
				MARKETING_VERSION = 1.0;
				PRODUCT_BUNDLE_IDENTIFIER = "br.com.cwi.Jogo-da-MemoriaTests";
				PRODUCT_NAME = "$(TARGET_NAME)";
				SWIFT_EMIT_LOC_STRINGS = NO;
				SWIFT_VERSION = 5.0;
				TARGETED_DEVICE_FAMILY = "1,2";
				TEST_HOST = "$(BUILT_PRODUCTS_DIR)/Jogo da Memoria.app/Jogo da Memoria";
			};
			name = Debug;
		};
		61325A542888A864006E84EF /* Release */ = {
			isa = XCBuildConfiguration;
			baseConfigurationReference = 0C81D042F98527905AA2E012 /* Pods-Jogo da MemoriaTests.release.xcconfig */;
			buildSettings = {
				ALWAYS_EMBED_SWIFT_STANDARD_LIBRARIES = YES;
				BUNDLE_LOADER = "$(TEST_HOST)";
				CODE_SIGN_STYLE = Automatic;
				CURRENT_PROJECT_VERSION = 1;
				GENERATE_INFOPLIST_FILE = YES;
				IPHONEOS_DEPLOYMENT_TARGET = 15.5;
				MARKETING_VERSION = 1.0;
				PRODUCT_BUNDLE_IDENTIFIER = "br.com.cwi.Jogo-da-MemoriaTests";
				PRODUCT_NAME = "$(TARGET_NAME)";
				SWIFT_EMIT_LOC_STRINGS = NO;
				SWIFT_VERSION = 5.0;
				TARGETED_DEVICE_FAMILY = "1,2";
				TEST_HOST = "$(BUILT_PRODUCTS_DIR)/Jogo da Memoria.app/Jogo da Memoria";
			};
			name = Release;
		};
		61325A562888A864006E84EF /* Debug */ = {
			isa = XCBuildConfiguration;
			baseConfigurationReference = 054F25A524620C66F5840780 /* Pods-Jogo da Memoria-Jogo da MemoriaUITests.debug.xcconfig */;
			buildSettings = {
				ALWAYS_EMBED_SWIFT_STANDARD_LIBRARIES = YES;
				CODE_SIGN_STYLE = Automatic;
				CURRENT_PROJECT_VERSION = 1;
				GENERATE_INFOPLIST_FILE = YES;
				MARKETING_VERSION = 1.0;
				PRODUCT_BUNDLE_IDENTIFIER = "br.com.cwi.Jogo-da-MemoriaUITests";
				PRODUCT_NAME = "$(TARGET_NAME)";
				SWIFT_EMIT_LOC_STRINGS = NO;
				SWIFT_VERSION = 5.0;
				TARGETED_DEVICE_FAMILY = "1,2";
				TEST_TARGET_NAME = "Jogo da Memoria";
			};
			name = Debug;
		};
		61325A572888A864006E84EF /* Release */ = {
			isa = XCBuildConfiguration;
			baseConfigurationReference = D6E5DA1E9D0BD4575C663786 /* Pods-Jogo da Memoria-Jogo da MemoriaUITests.release.xcconfig */;
			buildSettings = {
				ALWAYS_EMBED_SWIFT_STANDARD_LIBRARIES = YES;
				CODE_SIGN_STYLE = Automatic;
				CURRENT_PROJECT_VERSION = 1;
				GENERATE_INFOPLIST_FILE = YES;
				MARKETING_VERSION = 1.0;
				PRODUCT_BUNDLE_IDENTIFIER = "br.com.cwi.Jogo-da-MemoriaUITests";
				PRODUCT_NAME = "$(TARGET_NAME)";
				SWIFT_EMIT_LOC_STRINGS = NO;
				SWIFT_VERSION = 5.0;
				TARGETED_DEVICE_FAMILY = "1,2";
				TEST_TARGET_NAME = "Jogo da Memoria";
			};
			name = Release;
		};
/* End XCBuildConfiguration section */

/* Begin XCConfigurationList section */
		61325A202888A862006E84EF /* Build configuration list for PBXProject "Jogo da Memoria" */ = {
			isa = XCConfigurationList;
			buildConfigurations = (
				61325A4D2888A864006E84EF /* Debug */,
				61325A4E2888A864006E84EF /* Release */,
			);
			defaultConfigurationIsVisible = 0;
			defaultConfigurationName = Release;
		};
		61325A4F2888A864006E84EF /* Build configuration list for PBXNativeTarget "Jogo da Memoria" */ = {
			isa = XCConfigurationList;
			buildConfigurations = (
				61325A502888A864006E84EF /* Debug */,
				61325A512888A864006E84EF /* Release */,
			);
			defaultConfigurationIsVisible = 0;
			defaultConfigurationName = Release;
		};
		61325A522888A864006E84EF /* Build configuration list for PBXNativeTarget "Jogo da MemoriaTests" */ = {
			isa = XCConfigurationList;
			buildConfigurations = (
				61325A532888A864006E84EF /* Debug */,
				61325A542888A864006E84EF /* Release */,
			);
			defaultConfigurationIsVisible = 0;
			defaultConfigurationName = Release;
		};
		61325A552888A864006E84EF /* Build configuration list for PBXNativeTarget "Jogo da MemoriaUITests" */ = {
			isa = XCConfigurationList;
			buildConfigurations = (
				61325A562888A864006E84EF /* Debug */,
				61325A572888A864006E84EF /* Release */,
			);
			defaultConfigurationIsVisible = 0;
			defaultConfigurationName = Release;
		};
/* End XCConfigurationList section */
	};
	rootObject = 61325A1D2888A862006E84EF /* Project object */;
}
